
Microsoft Visual Studio Solution File, Format Version 12.00
# Visual Studio Version 17
VisualStudioVersion = 17.11.35327.3
MinimumVisualStudioVersion = 10.0.40219.1
Project("{FAE04EC0-301F-11D3-BF4B-00C04F79EFBC}") = "Prague-Parkingv2", "Prague-Parkingv2\Prague-Parkingv2.csproj", "{6BEB6FED-D29C-44AF-B100-CA51520D70DC}"
EndProject
Project("{9A19103F-16F7-4668-BE54-9A1E7A4F7556}") = "Lab2", "..\Lab2\Lab2\Lab2.csproj", "{770ACF08-C791-4D5D-B2BF-4F0D0B4CC22B}"
EndProject
Global
	GlobalSection(SolutionConfigurationPlatforms) = preSolution
		Debug|Any CPU = Debug|Any CPU
		Release|Any CPU = Release|Any CPU
	EndGlobalSection
	GlobalSection(ProjectConfigurationPlatforms) = postSolution
		{6BEB6FED-D29C-44AF-B100-CA51520D70DC}.Debug|Any CPU.ActiveCfg = Debug|Any CPU
		{6BEB6FED-D29C-44AF-B100-CA51520D70DC}.Debug|Any CPU.Build.0 = Debug|Any CPU
		{6BEB6FED-D29C-44AF-B100-CA51520D70DC}.Release|Any CPU.ActiveCfg = Release|Any CPU
		{6BEB6FED-D29C-44AF-B100-CA51520D70DC}.Release|Any CPU.Build.0 = Release|Any CPU
		{770ACF08-C791-4D5D-B2BF-4F0D0B4CC22B}.Debug|Any CPU.ActiveCfg = Debug|Any CPU
		{770ACF08-C791-4D5D-B2BF-4F0D0B4CC22B}.Debug|Any CPU.Build.0 = Debug|Any CPU
		{770ACF08-C791-4D5D-B2BF-4F0D0B4CC22B}.Release|Any CPU.ActiveCfg = Release|Any CPU
		{770ACF08-C791-4D5D-B2BF-4F0D0B4CC22B}.Release|Any CPU.Build.0 = Release|Any CPU
	EndGlobalSection
	GlobalSection(SolutionProperties) = preSolution
		HideSolutionNode = FALSE
	EndGlobalSection
	GlobalSection(ExtensibilityGlobals) = postSolution
		SolutionGuid = {B4C79FFA-D7A9-43D4-A3E9-476308AE93E4}
	EndGlobalSection
EndGlobal
